
Microsoft Visual Studio Solution File, Format Version 12.00
# Visual Studio 15
VisualStudioVersion = 15.0.27004.2009
MinimumVisualStudioVersion = 10.0.40219.1
Project("{FAE04EC0-301F-11D3-BF4B-00C04F79EFBC}") = "WcfServiceExample", "WcfServiceExample\WcfServiceExample.csproj", "{78C55EAB-A26B-40B9-B833-D5701307D27E}"
EndProject
Project("{FAE04EC0-301F-11D3-BF4B-00C04F79EFBC}") = "WcfServiceLibrary1", "WcfServiceLibrary1\WcfServiceLibrary1.csproj", "{3BCF34D4-C11E-48A2-897F-9F2554B0979C}"
EndProject
Project("{FAE04EC0-301F-11D3-BF4B-00C04F79EFBC}") = "ServiceHostConsole", "ServiceHostConsole\ServiceHostConsole.csproj", "{B8E3CA7E-E582-4E1A-BADA-D34077ADFDA5}"
EndProject
Global
	GlobalSection(SolutionConfigurationPlatforms) = preSolution
		Debug|Any CPU = Debug|Any CPU
		Release|Any CPU = Release|Any CPU
	EndGlobalSection
	GlobalSection(ProjectConfigurationPlatforms) = postSolution
		{78C55EAB-A26B-40B9-B833-D5701307D27E}.Debug|Any CPU.ActiveCfg = Debug|Any CPU
		{78C55EAB-A26B-40B9-B833-D5701307D27E}.Debug|Any CPU.Build.0 = Debug|Any CPU
		{78C55EAB-A26B-40B9-B833-D5701307D27E}.Release|Any CPU.ActiveCfg = Release|Any CPU
		{78C55EAB-A26B-40B9-B833-D5701307D27E}.Release|Any CPU.Build.0 = Release|Any CPU
		{3BCF34D4-C11E-48A2-897F-9F2554B0979C}.Debug|Any CPU.ActiveCfg = Debug|Any CPU
		{3BCF34D4-C11E-48A2-897F-9F2554B0979C}.Debug|Any CPU.Build.0 = Debug|Any CPU
		{3BCF34D4-C11E-48A2-897F-9F2554B0979C}.Release|Any CPU.ActiveCfg = Release|Any CPU
		{3BCF34D4-C11E-48A2-897F-9F2554B0979C}.Release|Any CPU.Build.0 = Release|Any CPU
		{B8E3CA7E-E582-4E1A-BADA-D34077ADFDA5}.Debug|Any CPU.ActiveCfg = Debug|Any CPU
		{B8E3CA7E-E582-4E1A-BADA-D34077ADFDA5}.Debug|Any CPU.Build.0 = Debug|Any CPU
		{B8E3CA7E-E582-4E1A-BADA-D34077ADFDA5}.Release|Any CPU.ActiveCfg = Release|Any CPU
		{B8E3CA7E-E582-4E1A-BADA-D34077ADFDA5}.Release|Any CPU.Build.0 = Release|Any CPU
	EndGlobalSection
	GlobalSection(SolutionProperties) = preSolution
		HideSolutionNode = FALSE
	EndGlobalSection
	GlobalSection(ExtensibilityGlobals) = postSolution
		SolutionGuid = {086F0736-F7FF-4C86-AA89-194C1A940EBC}
	EndGlobalSection
EndGlobal
